{
  "version": 4,
  "terraform_version": "1.5.7",
  "serial": 162,
  "lineage": "e46d0198-b09e-592c-53ae-5dad055bf0d9",
  "outputs": {
    "external_ip_address_vm_1": {
      "value": "158.160.99.7",
      "type": "string"
    },
    "internal_ip_address_vm_1": {
      "value": "192.168.10.9",
      "type": "string"
    }
  },
  "resources": [
    {
      "mode": "managed",
      "type": "yandex_compute_instance",
      "name": "vm-1",
      "provider": "provider[\"registry.terraform.io/yandex-cloud/yandex\"]",
      "instances": [
        {
          "schema_version": 1,
          "attributes": {
            "allow_recreate": null,
            "allow_stopping_for_update": null,
            "boot_disk": [
              {
                "auto_delete": true,
                "device_name": "fhmotre8acr8v2pcdvnb",
                "disk_id": "fhmotre8acr8v2pcdvnb",
                "initialize_params": [
                  {
                    "block_size": 4096,
                    "description": "",
                    "image_id": "fd8dibo9ts96rt2ihbsm",
                    "name": "",
                    "size": 8,
                    "snapshot_id": "",
                    "type": "network-hdd"
                  }
                ],
                "mode": "READ_WRITE"
              }
            ],
            "created_at": "2023-10-28T11:26:53Z",
            "description": "",
            "filesystem": [],
            "folder_id": "b1g1qiql9fvto0ppnms0",
            "fqdn": "fhmar9ph778i8lko6em6.auto.internal",
            "gpu_cluster_id": "",
            "hostname": "",
            "id": "fhmar9ph778i8lko6em6",
            "labels": {},
            "local_disk": [],
            "metadata": {
              "user-data": "ssh_pwauth: no\nusers:\n  - name: vadim\n    groups: sudo\n    shell: /bin/bash\n    sudo: \"ALL=(ALL) NOPASSWD:ALL\"\n    ssh_authorized_keys:\n      - \"ssh-rsa AAAAB3NzaC1yc2EAAAADAQABAAABgQDe3rF4LrC5zxVugBk1HRTbuu6PfCapg7kfPXXAwV9RR3+T5pIfzsnelfglN63mJgY5HjT/el3yD9G1jAMwbIAgcr9xrLE7x5CmEoUtcWuP9TVTh7gkyk26Y4gMCdzEtvk+Ihiis0oIVBeWrQMdTDY4i3pVaSUIQ9x2cJrYgNsmst2LKdHAPkyxSgT2hNhSOBaXV1KVpuj+bMI47+rJ+f4dWhnvndPK3nDLn2ynTJoIO0AAhoWPNZ+zukJ3AQIJq9scq5Jcla7/7tUgvx7BtB3UaFM9ToRrXpqYltw5fiKOnII8u9GUlE+xzHrTj9GEN6Uly2aifJnVyvhWUoL6d6hMay7QOsni/PO7+Erf3BeTTZoHDr5+i8ShU+/50k2E/b2HoAL68KS99LYe9aQSEvB8xOT+91I2Oa+8Gpg4NthPUKC4PUGFkCERmcXkZH41NEyNZoTFtW6vs0ShBBdTc/0/FPdgFDSTiXI8tPxhHrwVzJsQ5v90GaHN+DwX7UlloXk=\"\n"
            },
            "metadata_options": [
              {
                "aws_v1_http_endpoint": 1,
                "aws_v1_http_token": 2,
                "gce_http_endpoint": 1,
                "gce_http_token": 1
              }
            ],
            "name": "terraform1",
            "network_acceleration_type": "standard",
            "network_interface": [
              {
                "dns_record": [],
                "index": 0,
                "ip_address": "192.168.10.9",
                "ipv4": true,
                "ipv6": false,
                "ipv6_address": "",
                "ipv6_dns_record": [],
                "mac_address": "d0:0d:ad:a7:31:39",
                "nat": true,
                "nat_dns_record": [],
                "nat_ip_address": "158.160.99.7",
                "nat_ip_version": "IPV4",
                "security_group_ids": [],
                "subnet_id": "e9b71hbrpc00f1a23vsd"
              }
            ],
            "placement_policy": [
              {
                "host_affinity_rules": [],
                "placement_group_id": ""
              }
            ],
            "platform_id": "standard-v1",
            "resources": [
              {
                "core_fraction": 100,
                "cores": 2,
                "gpus": 0,
                "memory": 6
              }
            ],
            "scheduling_policy": [
              {
                "preemptible": false
              }
            ],
            "secondary_disk": [],
            "service_account_id": "",
            "status": "running",
            "timeouts": null,
            "zone": "ru-central1-a"
          },
          "sensitive_attributes": [],
          "private": "eyJlMmJmYjczMC1lY2FhLTExZTYtOGY4OC0zNDM2M2JjN2M0YzAiOnsiY3JlYXRlIjozMDAwMDAwMDAwMDAsImRlbGV0ZSI6MzAwMDAwMDAwMDAwLCJ1cGRhdGUiOjMwMDAwMDAwMDAwMH0sInNjaGVtYV92ZXJzaW9uIjoiMSJ9",
          "dependencies": [
            "yandex_vpc_subnet.subnet-1"
          ]
        }
      ]
    },
    {
      "mode": "managed",
      "type": "yandex_vpc_network",
      "name": "network-1",
      "provider": "provider[\"registry.terraform.io/yandex-cloud/yandex\"]",
      "instances": [
        {
          "schema_version": 0,
          "attributes": {
            "created_at": "2023-10-28T11:26:51Z",
            "default_security_group_id": "enpis4suioeus1dk14gk",
            "description": "",
            "folder_id": "b1g1qiql9fvto0ppnms0",
            "id": "enpigr9io9bm12k0l2kc",
            "labels": {},
            "name": "network1",
            "subnet_ids": [
              "e9b71hbrpc00f1a23vsd"
            ],
            "timeouts": null
          },
          "sensitive_attributes": [],
          "private": "eyJlMmJmYjczMC1lY2FhLTExZTYtOGY4OC0zNDM2M2JjN2M0YzAiOnsiY3JlYXRlIjo2MDAwMDAwMDAwMCwiZGVsZXRlIjo2MDAwMDAwMDAwMCwidXBkYXRlIjo2MDAwMDAwMDAwMH19"
        }
      ]
    },
    {
      "mode": "managed",
      "type": "yandex_vpc_security_group",
      "name": "external_connection_with_petclinic",
      "provider": "provider[\"registry.terraform.io/yandex-cloud/yandex\"]",
      "instances": [
        {
          "schema_version": 0,
          "attributes": {
            "created_at": "2023-10-28T11:26:53Z",
            "description": "security group for petclinic",
            "egress": [],
            "folder_id": "b1g1qiql9fvto0ppnms0",
            "id": "enpbi76nufkm0nf3n3b1",
            "ingress": [
              {
                "description": "protocol HTTPS",
                "from_port": -1,
                "id": "enpd88srq7p9grebj973",
                "labels": {},
                "port": 433,
                "predefined_target": "",
                "protocol": "TCP",
                "security_group_id": "",
                "to_port": -1,
                "v4_cidr_blocks": [
                  "0.0.0.0/0"
                ],
                "v6_cidr_blocks": []
              },
              {
                "description": "rules for incoming traffic",
                "from_port": -1,
                "id": "enpgeivv520eessqhtj5",
                "labels": {},
                "port": 80,
                "predefined_target": "",
                "protocol": "TCP",
                "security_group_id": "",
                "to_port": -1,
                "v4_cidr_blocks": [
                  "0.0.0.0/0"
                ],
                "v6_cidr_blocks": []
              },
              {
                "description": "ssh connection rules",
                "from_port": -1,
                "id": "enpferihkosp0512bpms",
                "labels": {},
                "port": 22,
                "predefined_target": "",
                "protocol": "TCP",
                "security_group_id": "",
                "to_port": -1,
                "v4_cidr_blocks": [
                  "0.0.0.0/0"
                ],
                "v6_cidr_blocks": []
              }
            ],
            "labels": {},
            "name": "security croup",
            "network_id": "enpigr9io9bm12k0l2kc",
            "status": "ACTIVE",
            "timeouts": null
          },
          "sensitive_attributes": [],
          "private": "eyJlMmJmYjczMC1lY2FhLTExZTYtOGY4OC0zNDM2M2JjN2M0YzAiOnsiY3JlYXRlIjoxODAwMDAwMDAwMDAsImRlbGV0ZSI6MTgwMDAwMDAwMDAwLCJ1cGRhdGUiOjE4MDAwMDAwMDAwMH19",
          "dependencies": [
            "yandex_vpc_network.network-1"
          ]
        }
      ]
    },
    {
      "mode": "managed",
      "type": "yandex_vpc_subnet",
      "name": "subnet-1",
      "provider": "provider[\"registry.terraform.io/yandex-cloud/yandex\"]",
      "instances": [
        {
          "schema_version": 0,
          "attributes": {
            "created_at": "2023-10-28T11:26:52Z",
            "description": "",
            "dhcp_options": [],
            "folder_id": "b1g1qiql9fvto0ppnms0",
            "id": "e9b71hbrpc00f1a23vsd",
            "labels": {},
            "name": "subnet1",
            "network_id": "enpigr9io9bm12k0l2kc",
            "route_table_id": "",
            "timeouts": null,
            "v4_cidr_blocks": [
              "192.168.10.0/24"
            ],
            "v6_cidr_blocks": [],
            "zone": "ru-central1-a"
          },
          "sensitive_attributes": [],
          "private": "eyJlMmJmYjczMC1lY2FhLTExZTYtOGY4OC0zNDM2M2JjN2M0YzAiOnsiY3JlYXRlIjoxODAwMDAwMDAwMDAsImRlbGV0ZSI6MTgwMDAwMDAwMDAwLCJ1cGRhdGUiOjE4MDAwMDAwMDAwMH19",
          "dependencies": [
            "yandex_vpc_network.network-1"
          ]
        }
      ]
    }
  ],
  "check_results": null
}
